
Microsoft Visual Studio Solution File, Format Version 12.00
# Visual Studio Version 17
VisualStudioVersion = 17.8.34511.84
MinimumVisualStudioVersion = 10.0.40219.1
Project("{FAE04EC0-301F-11D3-BF4B-00C04F79EFBC}") = "Week15OOPAndFiles", "Week15OOPAndFiles\Week15OOPAndFiles.csproj", "{4A4DCC69-ED6E-4774-8EA4-C8B362771E0B}"
EndProject
Project("{FAE04EC0-301F-11D3-BF4B-00C04F79EFBC}") = "TEST", "TEST\TEST.csproj", "{F44E0DB3-CE22-42C0-8DA8-122CA40BD6B6}"
EndProject
Global
	GlobalSection(SolutionConfigurationPlatforms) = preSolution
		Debug|Any CPU = Debug|Any CPU
		Release|Any CPU = Release|Any CPU
	EndGlobalSection
	GlobalSection(ProjectConfigurationPlatforms) = postSolution
		{4A4DCC69-ED6E-4774-8EA4-C8B362771E0B}.Debug|Any CPU.ActiveCfg = Debug|Any CPU
		{4A4DCC69-ED6E-4774-8EA4-C8B362771E0B}.Debug|Any CPU.Build.0 = Debug|Any CPU
		{4A4DCC69-ED6E-4774-8EA4-C8B362771E0B}.Release|Any CPU.ActiveCfg = Release|Any CPU
		{4A4DCC69-ED6E-4774-8EA4-C8B362771E0B}.Release|Any CPU.Build.0 = Release|Any CPU
		{F44E0DB3-CE22-42C0-8DA8-122CA40BD6B6}.Debug|Any CPU.ActiveCfg = Debug|Any CPU
		{F44E0DB3-CE22-42C0-8DA8-122CA40BD6B6}.Debug|Any CPU.Build.0 = Debug|Any CPU
		{F44E0DB3-CE22-42C0-8DA8-122CA40BD6B6}.Release|Any CPU.ActiveCfg = Release|Any CPU
		{F44E0DB3-CE22-42C0-8DA8-122CA40BD6B6}.Release|Any CPU.Build.0 = Release|Any CPU
	EndGlobalSection
	GlobalSection(SolutionProperties) = preSolution
		HideSolutionNode = FALSE
	EndGlobalSection
	GlobalSection(ExtensibilityGlobals) = postSolution
		SolutionGuid = {070D0F6A-107C-4695-B015-375DFC482610}
	EndGlobalSection
EndGlobal
